// !$*UTF8*$!
{
	archiveVersion = 1;
	classes = {
	};
	objectVersion = 46;
	objects = {

/* Begin PBXBuildFile section */
		98C00B551F11274100ADA3C8 /* AppDelegate.swift in Sources */ = {isa = PBXBuildFile; fileRef = 98C00B541F11274100ADA3C8 /* AppDelegate.swift */; };
		98C00B571F11274100ADA3C8 /* ViewController.swift in Sources */ = {isa = PBXBuildFile; fileRef = 98C00B561F11274100ADA3C8 /* ViewController.swift */; };
		98C00B5A1F11274100ADA3C8 /* Main.storyboard in Resources */ = {isa = PBXBuildFile; fileRef = 98C00B581F11274100ADA3C8 /* Main.storyboard */; };
		98C00B5C1F11274100ADA3C8 /* Assets.xcassets in Resources */ = {isa = PBXBuildFile; fileRef = 98C00B5B1F11274100ADA3C8 /* Assets.xcassets */; };
		98C00B5F1F11274100ADA3C8 /* LaunchScreen.storyboard in Resources */ = {isa = PBXBuildFile; fileRef = 98C00B5D1F11274100ADA3C8 /* LaunchScreen.storyboard */; };
		98C00B6A1F11454400ADA3C8 /* PeopleCellViewController.swift in Sources */ = {isa = PBXBuildFile; fileRef = 98C00B691F11454400ADA3C8 /* PeopleCellViewController.swift */; };
		98C00B6C1F11495B00ADA3C8 /* PeopleViewController.swift in Sources */ = {isa = PBXBuildFile; fileRef = 98C00B6B1F11495B00ADA3C8 /* PeopleViewController.swift */; };
		98C00B6F1F1150C200ADA3C8 /* PeopleDetailViewController.swift in Sources */ = {isa = PBXBuildFile; fileRef = 98C00B6E1F1150C200ADA3C8 /* PeopleDetailViewController.swift */; };
/* End PBXBuildFile section */

/* Begin PBXFileReference section */
		98C00B511F11274100ADA3C8 /* starWarsApp.app */ = {isa = PBXFileReference; explicitFileType = wrapper.application; includeInIndex = 0; path = starWarsApp.app; sourceTree = BUILT_PRODUCTS_DIR; };
		98C00B541F11274100ADA3C8 /* AppDelegate.swift */ = {isa = PBXFileReference; lastKnownFileType = sourcecode.swift; path = AppDelegate.swift; sourceTree = "<group>"; };
		98C00B561F11274100ADA3C8 /* ViewController.swift */ = {isa = PBXFileReference; lastKnownFileType = sourcecode.swift; path = ViewController.swift; sourceTree = "<group>"; };
		98C00B591F11274100ADA3C8 /* Base */ = {isa = PBXFileReference; lastKnownFileType = file.storyboard; name = Base; path = Base.lproj/Main.storyboard; sourceTree = "<group>"; };
		98C00B5B1F11274100ADA3C8 /* Assets.xcassets */ = {isa = PBXFileReference; lastKnownFileType = folder.assetcatalog; path = Assets.xcassets; sourceTree = "<group>"; };
		98C00B5E1F11274100ADA3C8 /* Base */ = {isa = PBXFileReference; lastKnownFileType = file.storyboard; name = Base; path = Base.lproj/LaunchScreen.storyboard; sourceTree = "<group>"; };
		98C00B601F11274100ADA3C8 /* Info.plist */ = {isa = PBXFileReference; lastKnownFileType = text.plist.xml; path = Info.plist; sourceTree = "<group>"; };
		98C00B691F11454400ADA3C8 /* PeopleCellViewController.swift */ = {isa = PBXFileReference; fileEncoding = 4; lastKnownFileType = sourcecode.swift; path = PeopleCellViewController.swift; sourceTree = "<group>"; };
		98C00B6B1F11495B00ADA3C8 /* PeopleViewController.swift */ = {isa = PBXFileReference; fileEncoding = 4; lastKnownFileType = sourcecode.swift; path = PeopleViewController.swift; sourceTree = "<group>"; };
		98C00B6E1F1150C200ADA3C8 /* PeopleDetailViewController.swift */ = {isa = PBXFileReference; fileEncoding = 4; lastKnownFileType = sourcecode.swift; path = PeopleDetailViewController.swift; sourceTree = "<group>"; };
/* End PBXFileReference section */

/* Begin PBXFrameworksBuildPhase section */
		98C00B4E1F11274100ADA3C8 /* Frameworks */ = {
			isa = PBXFrameworksBuildPhase;
			buildActionMask = 2147483647;
			files = (
			);
			runOnlyForDeploymentPostprocessing = 0;
		};
/* End PBXFrameworksBuildPhase section */

/* Begin PBXGroup section */
		98C00B481F11274100ADA3C8 = {
			isa = PBXGroup;
			children = (
				98C00B531F11274100ADA3C8 /* starWarsApp */,
				98C00B521F11274100ADA3C8 /* Products */,
			);
			sourceTree = "<group>";
		};
		98C00B521F11274100ADA3C8 /* Products */ = {
			isa = PBXGroup;
			children = (
				98C00B511F11274100ADA3C8 /* starWarsApp.app */,
			);
			name = Products;
			sourceTree = "<group>";
		};
		98C00B531F11274100ADA3C8 /* starWarsApp */ = {
			isa = PBXGroup;
			children = (
				98C00B6D1F1149D000ADA3C8 /* People */,
				98C00B661F11275300ADA3C8 /* Suport */,
				98C00B561F11274100ADA3C8 /* ViewController.swift */,
				98C00B581F11274100ADA3C8 /* Main.storyboard */,
				98C00B6E1F1150C200ADA3C8 /* PeopleDetailViewController.swift */,
			);
			path = starWarsApp;
			sourceTree = "<group>";
		};
		98C00B661F11275300ADA3C8 /* Suport */ = {
			isa = PBXGroup;
			children = (
				98C00B541F11274100ADA3C8 /* AppDelegate.swift */,
				98C00B5B1F11274100ADA3C8 /* Assets.xcassets */,
				98C00B5D1F11274100ADA3C8 /* LaunchScreen.storyboard */,
				98C00B601F11274100ADA3C8 /* Info.plist */,
			);
			name = Suport;
			sourceTree = "<group>";
		};
		98C00B6D1F1149D000ADA3C8 /* People */ = {
			isa = PBXGroup;
			children = (
				98C00B691F11454400ADA3C8 /* PeopleCellViewController.swift */,
				98C00B6B1F11495B00ADA3C8 /* PeopleViewController.swift */,
			);
			name = People;
			sourceTree = "<group>";
		};
/* End PBXGroup section */

/* Begin PBXNativeTarget section */
		98C00B501F11274100ADA3C8 /* starWarsApp */ = {
			isa = PBXNativeTarget;
			buildConfigurationList = 98C00B631F11274100ADA3C8 /* Build configuration list for PBXNativeTarget "starWarsApp" */;
			buildPhases = (
				98C00B4D1F11274100ADA3C8 /* Sources */,
				98C00B4E1F11274100ADA3C8 /* Frameworks */,
				98C00B4F1F11274100ADA3C8 /* Resources */,
			);
			buildRules = (
			);
			dependencies = (
			);
			name = starWarsApp;
			productName = starWarsApp;
			productReference = 98C00B511F11274100ADA3C8 /* starWarsApp.app */;
			productType = "com.apple.product-type.application";
		};
/* End PBXNativeTarget section */

/* Begin PBXProject section */
		98C00B491F11274100ADA3C8 /* Project object */ = {
			isa = PBXProject;
			attributes = {
				LastSwiftUpdateCheck = 0830;
				LastUpgradeCheck = 0830;
				ORGANIZATIONNAME = CWI;
				TargetAttributes = {
					98C00B501F11274100ADA3C8 = {
						CreatedOnToolsVersion = 8.3.3;
						ProvisioningStyle = Automatic;
					};
				};
			};
			buildConfigurationList = 98C00B4C1F11274100ADA3C8 /* Build configuration list for PBXProject "starWarsApp" */;
			compatibilityVersion = "Xcode 3.2";
			developmentRegion = English;
			hasScannedForEncodings = 0;
			knownRegions = (
				en,
				Base,
			);
			mainGroup = 98C00B481F11274100ADA3C8;
			productRefGroup = 98C00B521F11274100ADA3C8 /* Products */;
			projectDirPath = "";
			projectRoot = "";
			targets = (
				98C00B501F11274100ADA3C8 /* starWarsApp */,
			);
		};
/* End PBXProject section */

/* Begin PBXResourcesBuildPhase section */
		98C00B4F1F11274100ADA3C8 /* Resources */ = {
			isa = PBXResourcesBuildPhase;
			buildActionMask = 2147483647;
			files = (
				98C00B5F1F11274100ADA3C8 /* LaunchScreen.storyboard in Resources */,
				98C00B5C1F11274100ADA3C8 /* Assets.xcassets in Resources */,
				98C00B5A1F11274100ADA3C8 /* Main.storyboard in Resources */,
			);
			runOnlyForDeploymentPostprocessing = 0;
		};
/* End PBXResourcesBuildPhase section */

/* Begin PBXSourcesBuildPhase section */
		98C00B4D1F11274100ADA3C8 /* Sources */ = {
			isa = PBXSourcesBuildPhase;
			buildActionMask = 2147483647;
			files = (
				98C00B571F11274100ADA3C8 /* ViewController.swift in Sources */,
				98C00B6C1F11495B00ADA3C8 /* PeopleViewController.swift in Sources */,
				98C00B6F1F1150C200ADA3C8 /* PeopleDetailViewController.swift in Sources */,
				98C00B6A1F11454400ADA3C8 /* PeopleCellViewController.swift in Sources */,
				98C00B551F11274100ADA3C8 /* AppDelegate.swift in Sources */,
			);
			runOnlyForDeploymentPostprocessing = 0;
		};
/* End PBXSourcesBuildPhase section */

/* Begin PBXVariantGroup section */
		98C00B581F11274100ADA3C8 /* Main.storyboard */ = {
			isa = PBXVariantGroup;
			children = (
				98C00B591F11274100ADA3C8 /* Base */,
			);
			name = Main.storyboard;
			sourceTree = "<group>";
		};
		98C00B5D1F11274100ADA3C8 /* LaunchScreen.storyboard */ = {
			isa = PBXVariantGroup;
			children = (
				98C00B5E1F11274100ADA3C8 /* Base */,
			);
			name = LaunchScreen.storyboard;
			sourceTree = "<group>";
		};
/* End PBXVariantGroup section */

/* Begin XCBuildConfiguration section */
		98C00B611F11274100ADA3C8 /* Debug */ = {
			isa = XCBuildConfiguration;
			buildSettings = {
				ALWAYS_SEARCH_USER_PATHS = NO;
				CLANG_ANALYZER_NONNULL = YES;
				CLANG_ANALYZER_NUMBER_OBJECT_CONVERSION = YES_AGGRESSIVE;
				CLANG_CXX_LANGUAGE_STANDARD = "gnu++0x";
				CLANG_CXX_LIBRARY = "libc++";
				CLANG_ENABLE_MODULES = YES;
				CLANG_ENABLE_OBJC_ARC = YES;
				CLANG_WARN_BOOL_CONVERSION = YES;
				CLANG_WARN_CONSTANT_CONVERSION = YES;
				CLANG_WARN_DIRECT_OBJC_ISA_USAGE = YES_ERROR;
				CLANG_WARN_DOCUMENTATION_COMMENTS = YES;
				CLANG_WARN_EMPTY_BODY = YES;
				CLANG_WARN_ENUM_CONVERSION = YES;
				CLANG_WARN_INFINITE_RECURSION = YES;
				CLANG_WARN_INT_CONVERSION = YES;
				CLANG_WARN_OBJC_ROOT_CLASS = YES_ERROR;
				CLANG_WARN_SUSPICIOUS_MOVE = YES;
				CLANG_WARN_UNREACHABLE_CODE = YES;
				CLANG_WARN__DUPLICATE_METHOD_MATCH = YES;
				"CODE_SIGN_IDENTITY[sdk=iphoneos*]" = "iPhone Developer";
				COPY_PHASE_STRIP = NO;
				DEBUG_INFORMATION_FORMAT = dwarf;
				ENABLE_STRICT_OBJC_MSGSEND = YES;
				ENABLE_TESTABILITY = YES;
				GCC_C_LANGUAGE_STANDARD = gnu99;
				GCC_DYNAMIC_NO_PIC = NO;
				GCC_NO_COMMON_BLOCKS = YES;
				GCC_OPTIMIZATION_LEVEL = 0;
				GCC_PREPROCESSOR_DEFINITIONS = (
					"DEBUG=1",
					"$(inherited)",
				);
				GCC_WARN_64_TO_32_BIT_CONVERSION = YES;
				GCC_WARN_ABOUT_RETURN_TYPE = YES_ERROR;
				GCC_WARN_UNDECLARED_SELECTOR = YES;
				GCC_WARN_UNINITIALIZED_AUTOS = YES_AGGRESSIVE;
				GCC_WARN_UNUSED_FUNCTION = YES;
				GCC_WARN_UNUSED_VARIABLE = YES;
				IPHONEOS_DEPLOYMENT_TARGET = 10.3;
				MTL_ENABLE_DEBUG_INFO = YES;
				ONLY_ACTIVE_ARCH = YES;
				SDKROOT = iphoneos;
				SWIFT_ACTIVE_COMPILATION_CONDITIONS = DEBUG;
				SWIFT_OPTIMIZATION_LEVEL = "-Onone";
				TARGETED_DEVICE_FAMILY = "1,2";
			};
			name = Debug;
		};
		98C00B621F11274100ADA3C8 /* Release */ = {
			isa = XCBuildConfiguration;
			buildSettings = {
				ALWAYS_SEARCH_USER_PATHS = NO;
				CLANG_ANALYZER_NONNULL = YES;
				CLANG_ANALYZER_NUMBER_OBJECT_CONVERSION = YES_AGGRESSIVE;
				CLANG_CXX_LANGUAGE_STANDARD = "gnu++0x";
				CLANG_CXX_LIBRARY = "libc++";
				CLANG_ENABLE_MODULES = YES;
				CLANG_ENABLE_OBJC_ARC = YES;
				CLANG_WARN_BOOL_CONVERSION = YES;
				CLANG_WARN_CONSTANT_CONVERSION = YES;
				CLANG_WARN_DIRECT_OBJC_ISA_USAGE = YES_ERROR;
				CLANG_WARN_DOCUMENTATION_COMMENTS = YES;
				CLANG_WARN_EMPTY_BODY = YES;
				CLANG_WARN_ENUM_CONVERSION = YES;
				CLANG_WARN_INFINITE_RECURSION = YES;
				CLANG_WARN_INT_CONVERSION = YES;
				CLANG_WARN_OBJC_ROOT_CLASS = YES_ERROR;
				CLANG_WARN_SUSPICIOUS_MOVE = YES;
				CLANG_WARN_UNREACHABLE_CODE = YES;
				CLANG_WARN__DUPLICATE_METHOD_MATCH = YES;
				"CODE_SIGN_IDENTITY[sdk=iphoneos*]" = "iPhone Developer";
				COPY_PHASE_STRIP = NO;
				DEBUG_INFORMATION_FORMAT = "dwarf-with-dsym";
				ENABLE_NS_ASSERTIONS = NO;
				ENABLE_STRICT_OBJC_MSGSEND = YES;
				GCC_C_LANGUAGE_STANDARD = gnu99;
				GCC_NO_COMMON_BLOCKS = YES;
				GCC_WARN_64_TO_32_BIT_CONVERSION = YES;
				GCC_WARN_ABOUT_RETURN_TYPE = YES_ERROR;
				GCC_WARN_UNDECLARED_SELECTOR = YES;
				GCC_WARN_UNINITIALIZED_AUTOS = YES_AGGRESSIVE;
				GCC_WARN_UNUSED_FUNCTION = YES;
				GCC_WARN_UNUSED_VARIABLE = YES;
				IPHONEOS_DEPLOYMENT_TARGET = 10.3;
				MTL_ENABLE_DEBUG_INFO = NO;
				SDKROOT = iphoneos;
				SWIFT_OPTIMIZATION_LEVEL = "-Owholemodule";
				TARGETED_DEVICE_FAMILY = "1,2";
				VALIDATE_PRODUCT = YES;
			};
			name = Release;
		};
		98C00B641F11274100ADA3C8 /* Debug */ = {
			isa = XCBuildConfiguration;
			buildSettings = {
				ASSETCATALOG_COMPILER_APPICON_NAME = AppIcon;
				INFOPLIST_FILE = starWarsApp/Info.plist;
				LD_RUNPATH_SEARCH_PATHS = "$(inherited) @executable_path/Frameworks";
				PRODUCT_BUNDLE_IDENTIFIER = br.com.cwi.starWarsApp;
				PRODUCT_NAME = "$(TARGET_NAME)";
				SWIFT_VERSION = 3.0;
			};
			name = Debug;
		};
		98C00B651F11274100ADA3C8 /* Release */ = {
			isa = XCBuildConfiguration;
			buildSettings = {
				ASSETCATALOG_COMPILER_APPICON_NAME = AppIcon;
				INFOPLIST_FILE = starWarsApp/Info.plist;
				LD_RUNPATH_SEARCH_PATHS = "$(inherited) @executable_path/Frameworks";
				PRODUCT_BUNDLE_IDENTIFIER = br.com.cwi.starWarsApp;
				PRODUCT_NAME = "$(TARGET_NAME)";
				SWIFT_VERSION = 3.0;
			};
			name = Release;
		};
/* End XCBuildConfiguration section */

/* Begin XCConfigurationList section */
		98C00B4C1F11274100ADA3C8 /* Build configuration list for PBXProject "starWarsApp" */ = {
			isa = XCConfigurationList;
			buildConfigurations = (
				98C00B611F11274100ADA3C8 /* Debug */,
				98C00B621F11274100ADA3C8 /* Release */,
			);
			defaultConfigurationIsVisible = 0;
			defaultConfigurationName = Release;
		};
		98C00B631F11274100ADA3C8 /* Build configuration list for PBXNativeTarget "starWarsApp" */ = {
			isa = XCConfigurationList;
			buildConfigurations = (
				98C00B641F11274100ADA3C8 /* Debug */,
				98C00B651F11274100ADA3C8 /* Release */,
			);
			defaultConfigurationIsVisible = 0;
		};
/* End XCConfigurationList section */
	};
	rootObject = 98C00B491F11274100ADA3C8 /* Project object */;
}
